// !$*UTF8*$!
{
	archiveVersion = 1;
	classes = {
	};
	objectVersion = 51;
	objects = {

/* Begin PBXBuildFile section */
		11AFC91DE62F409CB5175D14 /* Pods_FindEveryoneUITests.framework in Frameworks */ = {isa = PBXBuildFile; fileRef = DBCB669C74AFA8DDB84850B6 /* Pods_FindEveryoneUITests.framework */; };
		5DD64D29DCF9CD5D49526188 /* Pods_FindEveryone.framework in Frameworks */ = {isa = PBXBuildFile; fileRef = 31788F0149311906A93D87F3 /* Pods_FindEveryone.framework */; };
		F40385BD22F9F3A500FC0F5C /* CLLocationCoordinate2D+GeoPoint.swift in Sources */ = {isa = PBXBuildFile; fileRef = F40385BC22F9F3A500FC0F5C /* CLLocationCoordinate2D+GeoPoint.swift */; };
		F40385BF22FA41CA00FC0F5C /* Firebase+Codable.swift in Sources */ = {isa = PBXBuildFile; fileRef = F40385BE22FA41CA00FC0F5C /* Firebase+Codable.swift */; };
		F41486CE22F92B1500D081D6 /* AuthViewController.swift in Sources */ = {isa = PBXBuildFile; fileRef = F41486CD22F92B1500D081D6 /* AuthViewController.swift */; };
		F41486D422F9332000D081D6 /* CLAuthorizationStatus+isAuthorized.swift in Sources */ = {isa = PBXBuildFile; fileRef = F41486D322F9332000D081D6 /* CLAuthorizationStatus+isAuthorized.swift */; };
		F41486D622F93D3B00D081D6 /* AuthenticationService.swift in Sources */ = {isa = PBXBuildFile; fileRef = F41486D522F93D3B00D081D6 /* AuthenticationService.swift */; };
		F41486D822F9421C00D081D6 /* FirebaseService.swift in Sources */ = {isa = PBXBuildFile; fileRef = F41486D722F9421C00D081D6 /* FirebaseService.swift */; };
		F41486DD22F9506000D081D6 /* Person.swift in Sources */ = {isa = PBXBuildFile; fileRef = F41486DC22F9506000D081D6 /* Person.swift */; };
		F49D0C0922F90CB700CA3067 /* AppDelegate.swift in Sources */ = {isa = PBXBuildFile; fileRef = F49D0C0822F90CB700CA3067 /* AppDelegate.swift */; };
		F49D0C0B22F90CB700CA3067 /* MapViewController.swift in Sources */ = {isa = PBXBuildFile; fileRef = F49D0C0A22F90CB700CA3067 /* MapViewController.swift */; };
		F49D0C0E22F90CB700CA3067 /* Main.storyboard in Resources */ = {isa = PBXBuildFile; fileRef = F49D0C0C22F90CB700CA3067 /* Main.storyboard */; };
		F49D0C1022F90CB700CA3067 /* Assets.xcassets in Resources */ = {isa = PBXBuildFile; fileRef = F49D0C0F22F90CB700CA3067 /* Assets.xcassets */; };
		F49D0C1322F90CB700CA3067 /* LaunchScreen.storyboard in Resources */ = {isa = PBXBuildFile; fileRef = F49D0C1122F90CB700CA3067 /* LaunchScreen.storyboard */; };
		F49D0C1E22F90CB800CA3067 /* FindEveryoneTests.swift in Sources */ = {isa = PBXBuildFile; fileRef = F49D0C1D22F90CB800CA3067 /* FindEveryoneTests.swift */; };
		F49D0C2922F90CB800CA3067 /* FindEveryoneUITests.swift in Sources */ = {isa = PBXBuildFile; fileRef = F49D0C2822F90CB800CA3067 /* FindEveryoneUITests.swift */; };
		F4F7046622F924BA0009CFA8 /* GoogleService-Info.plist in Resources */ = {isa = PBXBuildFile; fileRef = F4F7046522F924BA0009CFA8 /* GoogleService-Info.plist */; };
		F4F7046A22F928820009CFA8 /* LocationService.swift in Sources */ = {isa = PBXBuildFile; fileRef = F4F7046922F928820009CFA8 /* LocationService.swift */; };
		FF979B87F8E7A6A7A5CBC966 /* Pods_FindEveryoneTests.framework in Frameworks */ = {isa = PBXBuildFile; fileRef = CFCD57E5B895BCD678B37587 /* Pods_FindEveryoneTests.framework */; };
/* End PBXBuildFile section */

/* Begin PBXContainerItemProxy section */
		F49D0C1A22F90CB800CA3067 /* PBXContainerItemProxy */ = {
			isa = PBXContainerItemProxy;
			containerPortal = F49D0BFD22F90CB700CA3067 /* Project object */;
			proxyType = 1;
			remoteGlobalIDString = F49D0C0422F90CB700CA3067;
			remoteInfo = FindEveryone;
		};
		F49D0C2522F90CB800CA3067 /* PBXContainerItemProxy */ = {
			isa = PBXContainerItemProxy;
			containerPortal = F49D0BFD22F90CB700CA3067 /* Project object */;
			proxyType = 1;
			remoteGlobalIDString = F49D0C0422F90CB700CA3067;
			remoteInfo = FindEveryone;
		};
/* End PBXContainerItemProxy section */

/* Begin PBXFileReference section */
		22F79C397D3675665BF0C64D /* Pods-FindEveryoneUITests.release.xcconfig */ = {isa = PBXFileReference; includeInIndex = 1; lastKnownFileType = text.xcconfig; name = "Pods-FindEveryoneUITests.release.xcconfig"; path = "Target Support Files/Pods-FindEveryoneUITests/Pods-FindEveryoneUITests.release.xcconfig"; sourceTree = "<group>"; };
		31788F0149311906A93D87F3 /* Pods_FindEveryone.framework */ = {isa = PBXFileReference; explicitFileType = wrapper.framework; includeInIndex = 0; path = Pods_FindEveryone.framework; sourceTree = BUILT_PRODUCTS_DIR; };
		756A09E2E038EFC9AE9100F6 /* Pods-FindEveryoneUITests.debug.xcconfig */ = {isa = PBXFileReference; includeInIndex = 1; lastKnownFileType = text.xcconfig; name = "Pods-FindEveryoneUITests.debug.xcconfig"; path = "Target Support Files/Pods-FindEveryoneUITests/Pods-FindEveryoneUITests.debug.xcconfig"; sourceTree = "<group>"; };
		855BE982CDB064DE35334CA3 /* Pods-FindEveryone.release.xcconfig */ = {isa = PBXFileReference; includeInIndex = 1; lastKnownFileType = text.xcconfig; name = "Pods-FindEveryone.release.xcconfig"; path = "Target Support Files/Pods-FindEveryone/Pods-FindEveryone.release.xcconfig"; sourceTree = "<group>"; };
		A740AE865518196A4ED03D72 /* Pods-FindEveryoneTests.release.xcconfig */ = {isa = PBXFileReference; includeInIndex = 1; lastKnownFileType = text.xcconfig; name = "Pods-FindEveryoneTests.release.xcconfig"; path = "Target Support Files/Pods-FindEveryoneTests/Pods-FindEveryoneTests.release.xcconfig"; sourceTree = "<group>"; };
		C14CD945B510AB85C4FD467E /* Pods-FindEveryoneTests.debug.xcconfig */ = {isa = PBXFileReference; includeInIndex = 1; lastKnownFileType = text.xcconfig; name = "Pods-FindEveryoneTests.debug.xcconfig"; path = "Target Support Files/Pods-FindEveryoneTests/Pods-FindEveryoneTests.debug.xcconfig"; sourceTree = "<group>"; };
		CFCD57E5B895BCD678B37587 /* Pods_FindEveryoneTests.framework */ = {isa = PBXFileReference; explicitFileType = wrapper.framework; includeInIndex = 0; path = Pods_FindEveryoneTests.framework; sourceTree = BUILT_PRODUCTS_DIR; };
		DBCB669C74AFA8DDB84850B6 /* Pods_FindEveryoneUITests.framework */ = {isa = PBXFileReference; explicitFileType = wrapper.framework; includeInIndex = 0; path = Pods_FindEveryoneUITests.framework; sourceTree = BUILT_PRODUCTS_DIR; };
		ECB8E66A2546898558F96B73 /* Pods-FindEveryone.debug.xcconfig */ = {isa = PBXFileReference; includeInIndex = 1; lastKnownFileType = text.xcconfig; name = "Pods-FindEveryone.debug.xcconfig"; path = "Target Support Files/Pods-FindEveryone/Pods-FindEveryone.debug.xcconfig"; sourceTree = "<group>"; };
		F40385BC22F9F3A500FC0F5C /* CLLocationCoordinate2D+GeoPoint.swift */ = {isa = PBXFileReference; lastKnownFileType = sourcecode.swift; path = "CLLocationCoordinate2D+GeoPoint.swift"; sourceTree = "<group>"; };
		F40385BE22FA41CA00FC0F5C /* Firebase+Codable.swift */ = {isa = PBXFileReference; fileEncoding = 4; lastKnownFileType = sourcecode.swift; path = "Firebase+Codable.swift"; sourceTree = "<group>"; };
		F41486CD22F92B1500D081D6 /* AuthViewController.swift */ = {isa = PBXFileReference; lastKnownFileType = sourcecode.swift; path = AuthViewController.swift; sourceTree = "<group>"; };
		F41486D322F9332000D081D6 /* CLAuthorizationStatus+isAuthorized.swift */ = {isa = PBXFileReference; lastKnownFileType = sourcecode.swift; path = "CLAuthorizationStatus+isAuthorized.swift"; sourceTree = "<group>"; };
		F41486D522F93D3B00D081D6 /* AuthenticationService.swift */ = {isa = PBXFileReference; lastKnownFileType = sourcecode.swift; path = AuthenticationService.swift; sourceTree = "<group>"; };
		F41486D722F9421C00D081D6 /* FirebaseService.swift */ = {isa = PBXFileReference; lastKnownFileType = sourcecode.swift; path = FirebaseService.swift; sourceTree = "<group>"; };
		F41486DC22F9506000D081D6 /* Person.swift */ = {isa = PBXFileReference; lastKnownFileType = sourcecode.swift; path = Person.swift; sourceTree = "<group>"; };
		F49D0C0522F90CB700CA3067 /* FindEveryone.app */ = {isa = PBXFileReference; explicitFileType = wrapper.application; includeInIndex = 0; path = FindEveryone.app; sourceTree = BUILT_PRODUCTS_DIR; };
		F49D0C0822F90CB700CA3067 /* AppDelegate.swift */ = {isa = PBXFileReference; lastKnownFileType = sourcecode.swift; path = AppDelegate.swift; sourceTree = "<group>"; };
		F49D0C0A22F90CB700CA3067 /* MapViewController.swift */ = {isa = PBXFileReference; lastKnownFileType = sourcecode.swift; path = MapViewController.swift; sourceTree = "<group>"; };
		F49D0C0D22F90CB700CA3067 /* Base */ = {isa = PBXFileReference; lastKnownFileType = file.storyboard; name = Base; path = Base.lproj/Main.storyboard; sourceTree = "<group>"; };
		F49D0C0F22F90CB700CA3067 /* Assets.xcassets */ = {isa = PBXFileReference; lastKnownFileType = folder.assetcatalog; path = Assets.xcassets; sourceTree = "<group>"; };
		F49D0C1222F90CB700CA3067 /* Base */ = {isa = PBXFileReference; lastKnownFileType = file.storyboard; name = Base; path = Base.lproj/LaunchScreen.storyboard; sourceTree = "<group>"; };
		F49D0C1422F90CB700CA3067 /* Info.plist */ = {isa = PBXFileReference; lastKnownFileType = text.plist.xml; path = Info.plist; sourceTree = "<group>"; };
		F49D0C1922F90CB800CA3067 /* FindEveryoneTests.xctest */ = {isa = PBXFileReference; explicitFileType = wrapper.cfbundle; includeInIndex = 0; path = FindEveryoneTests.xctest; sourceTree = BUILT_PRODUCTS_DIR; };
		F49D0C1D22F90CB800CA3067 /* FindEveryoneTests.swift */ = {isa = PBXFileReference; lastKnownFileType = sourcecode.swift; path = FindEveryoneTests.swift; sourceTree = "<group>"; };
		F49D0C1F22F90CB800CA3067 /* Info.plist */ = {isa = PBXFileReference; lastKnownFileType = text.plist.xml; path = Info.plist; sourceTree = "<group>"; };
		F49D0C2422F90CB800CA3067 /* FindEveryoneUITests.xctest */ = {isa = PBXFileReference; explicitFileType = wrapper.cfbundle; includeInIndex = 0; path = FindEveryoneUITests.xctest; sourceTree = BUILT_PRODUCTS_DIR; };
		F49D0C2822F90CB800CA3067 /* FindEveryoneUITests.swift */ = {isa = PBXFileReference; lastKnownFileType = sourcecode.swift; path = FindEveryoneUITests.swift; sourceTree = "<group>"; };
		F49D0C2A22F90CB800CA3067 /* Info.plist */ = {isa = PBXFileReference; lastKnownFileType = text.plist.xml; path = Info.plist; sourceTree = "<group>"; };
		F4F7046522F924BA0009CFA8 /* GoogleService-Info.plist */ = {isa = PBXFileReference; fileEncoding = 4; lastKnownFileType = text.plist.xml; path = "GoogleService-Info.plist"; sourceTree = "<group>"; };
		F4F7046922F928820009CFA8 /* LocationService.swift */ = {isa = PBXFileReference; lastKnownFileType = sourcecode.swift; path = LocationService.swift; sourceTree = "<group>"; };
/* End PBXFileReference section */

/* Begin PBXFrameworksBuildPhase section */
		F49D0C0222F90CB700CA3067 /* Frameworks */ = {
			isa = PBXFrameworksBuildPhase;
			buildActionMask = 2147483647;
			files = (
				5DD64D29DCF9CD5D49526188 /* Pods_FindEveryone.framework in Frameworks */,
			);
			runOnlyForDeploymentPostprocessing = 0;
		};
		F49D0C1622F90CB800CA3067 /* Frameworks */ = {
			isa = PBXFrameworksBuildPhase;
			buildActionMask = 2147483647;
			files = (
				FF979B87F8E7A6A7A5CBC966 /* Pods_FindEveryoneTests.framework in Frameworks */,
			);
			runOnlyForDeploymentPostprocessing = 0;
		};
		F49D0C2122F90CB800CA3067 /* Frameworks */ = {
			isa = PBXFrameworksBuildPhase;
			buildActionMask = 2147483647;
			files = (
				11AFC91DE62F409CB5175D14 /* Pods_FindEveryoneUITests.framework in Frameworks */,
			);
			runOnlyForDeploymentPostprocessing = 0;
		};
/* End PBXFrameworksBuildPhase section */

/* Begin PBXGroup section */
		5208AA68C346D025D51F068E /* Pods */ = {
			isa = PBXGroup;
			children = (
				ECB8E66A2546898558F96B73 /* Pods-FindEveryone.debug.xcconfig */,
				855BE982CDB064DE35334CA3 /* Pods-FindEveryone.release.xcconfig */,
				C14CD945B510AB85C4FD467E /* Pods-FindEveryoneTests.debug.xcconfig */,
				A740AE865518196A4ED03D72 /* Pods-FindEveryoneTests.release.xcconfig */,
				756A09E2E038EFC9AE9100F6 /* Pods-FindEveryoneUITests.debug.xcconfig */,
				22F79C397D3675665BF0C64D /* Pods-FindEveryoneUITests.release.xcconfig */,
			);
			path = Pods;
			sourceTree = "<group>";
		};
		A8D24EB826BAB9C2C2F599DE /* Frameworks */ = {
			isa = PBXGroup;
			children = (
				31788F0149311906A93D87F3 /* Pods_FindEveryone.framework */,
				CFCD57E5B895BCD678B37587 /* Pods_FindEveryoneTests.framework */,
				DBCB669C74AFA8DDB84850B6 /* Pods_FindEveryoneUITests.framework */,
			);
			name = Frameworks;
			sourceTree = "<group>";
		};
		F41486CF22F92D4B00D081D6 /* View */ = {
			isa = PBXGroup;
			children = (
				F49D0C0C22F90CB700CA3067 /* Main.storyboard */,
				F49D0C1122F90CB700CA3067 /* LaunchScreen.storyboard */,
				F41486CD22F92B1500D081D6 /* AuthViewController.swift */,
				F49D0C0A22F90CB700CA3067 /* MapViewController.swift */,
			);
			path = View;
			sourceTree = "<group>";
		};
		F41486D022F92D5A00D081D6 /* Utils */ = {
			isa = PBXGroup;
			children = (
				F41486D122F9330000D081D6 /* Extensions */,
				F41486D222F9330900D081D6 /* Services */,
			);
			path = Utils;
			sourceTree = "<group>";
		};
		F41486D122F9330000D081D6 /* Extensions */ = {
			isa = PBXGroup;
			children = (
				F41486D322F9332000D081D6 /* CLAuthorizationStatus+isAuthorized.swift */,
				F40385BC22F9F3A500FC0F5C /* CLLocationCoordinate2D+GeoPoint.swift */,
				F40385BE22FA41CA00FC0F5C /* Firebase+Codable.swift */,
			);
			path = Extensions;
			sourceTree = "<group>";
		};
		F41486D222F9330900D081D6 /* Services */ = {
			isa = PBXGroup;
			children = (
				F4F7046922F928820009CFA8 /* LocationService.swift */,
				F41486D522F93D3B00D081D6 /* AuthenticationService.swift */,
				F41486D722F9421C00D081D6 /* FirebaseService.swift */,
			);
			path = Services;
			sourceTree = "<group>";
		};
		F41486DB22F9503900D081D6 /* Model */ = {
			isa = PBXGroup;
			children = (
				F41486DC22F9506000D081D6 /* Person.swift */,
			);
			path = Model;
			sourceTree = "<group>";
		};
		F49D0BFC22F90CB600CA3067 = {
			isa = PBXGroup;
			children = (
				F49D0C0722F90CB700CA3067 /* FindEveryone */,
				F49D0C1C22F90CB800CA3067 /* FindEveryoneTests */,
				F49D0C2722F90CB800CA3067 /* FindEveryoneUITests */,
				F49D0C0622F90CB700CA3067 /* Products */,
				5208AA68C346D025D51F068E /* Pods */,
				A8D24EB826BAB9C2C2F599DE /* Frameworks */,
			);
			sourceTree = "<group>";
		};
		F49D0C0622F90CB700CA3067 /* Products */ = {
			isa = PBXGroup;
			children = (
				F49D0C0522F90CB700CA3067 /* FindEveryone.app */,
				F49D0C1922F90CB800CA3067 /* FindEveryoneTests.xctest */,
				F49D0C2422F90CB800CA3067 /* FindEveryoneUITests.xctest */,
			);
			name = Products;
			sourceTree = "<group>";
		};
		F49D0C0722F90CB700CA3067 /* FindEveryone */ = {
			isa = PBXGroup;
			children = (
				F49D0C0822F90CB700CA3067 /* AppDelegate.swift */,
				F41486DB22F9503900D081D6 /* Model */,
				F41486CF22F92D4B00D081D6 /* View */,
				F41486D022F92D5A00D081D6 /* Utils */,
				F49D0C0F22F90CB700CA3067 /* Assets.xcassets */,
				F49D0C1422F90CB700CA3067 /* Info.plist */,
				F4F7046522F924BA0009CFA8 /* GoogleService-Info.plist */,
			);
			path = FindEveryone;
			sourceTree = "<group>";
		};
		F49D0C1C22F90CB800CA3067 /* FindEveryoneTests */ = {
			isa = PBXGroup;
			children = (
				F49D0C1D22F90CB800CA3067 /* FindEveryoneTests.swift */,
				F49D0C1F22F90CB800CA3067 /* Info.plist */,
			);
			path = FindEveryoneTests;
			sourceTree = "<group>";
		};
		F49D0C2722F90CB800CA3067 /* FindEveryoneUITests */ = {
			isa = PBXGroup;
			children = (
				F49D0C2822F90CB800CA3067 /* FindEveryoneUITests.swift */,
				F49D0C2A22F90CB800CA3067 /* Info.plist */,
			);
			path = FindEveryoneUITests;
			sourceTree = "<group>";
		};
/* End PBXGroup section */

/* Begin PBXNativeTarget section */
		F49D0C0422F90CB700CA3067 /* FindEveryone */ = {
			isa = PBXNativeTarget;
			buildConfigurationList = F49D0C2D22F90CB800CA3067 /* Build configuration list for PBXNativeTarget "FindEveryone" */;
			buildPhases = (
				49717DBB572B4D33920AC4B5 /* [CP] Check Pods Manifest.lock */,
				F49D0C0122F90CB700CA3067 /* Sources */,
				F49D0C0222F90CB700CA3067 /* Frameworks */,
				F49D0C0322F90CB700CA3067 /* Resources */,
				A14E2E40972DDA20E84DB725 /* [CP] Embed Pods Frameworks */,
			);
			buildRules = (
			);
			dependencies = (
			);
			name = FindEveryone;
			productName = FindEveryone;
			productReference = F49D0C0522F90CB700CA3067 /* FindEveryone.app */;
			productType = "com.apple.product-type.application";
		};
		F49D0C1822F90CB800CA3067 /* FindEveryoneTests */ = {
			isa = PBXNativeTarget;
			buildConfigurationList = F49D0C3022F90CB800CA3067 /* Build configuration list for PBXNativeTarget "FindEveryoneTests" */;
			buildPhases = (
				E6F2144556C6260D849DFC39 /* [CP] Check Pods Manifest.lock */,
				F49D0C1522F90CB800CA3067 /* Sources */,
				F49D0C1622F90CB800CA3067 /* Frameworks */,
				F49D0C1722F90CB800CA3067 /* Resources */,
			);
			buildRules = (
			);
			dependencies = (
				F49D0C1B22F90CB800CA3067 /* PBXTargetDependency */,
			);
			name = FindEveryoneTests;
			productName = FindEveryoneTests;
			productReference = F49D0C1922F90CB800CA3067 /* FindEveryoneTests.xctest */;
			productType = "com.apple.product-type.bundle.unit-test";
		};
		F49D0C2322F90CB800CA3067 /* FindEveryoneUITests */ = {
			isa = PBXNativeTarget;
			buildConfigurationList = F49D0C3322F90CB800CA3067 /* Build configuration list for PBXNativeTarget "FindEveryoneUITests" */;
			buildPhases = (
				7645606E24CB242BE0EF575E /* [CP] Check Pods Manifest.lock */,
				F49D0C2022F90CB800CA3067 /* Sources */,
				F49D0C2122F90CB800CA3067 /* Frameworks */,
				F49D0C2222F90CB800CA3067 /* Resources */,
			);
			buildRules = (
			);
			dependencies = (
				F49D0C2622F90CB800CA3067 /* PBXTargetDependency */,
			);
			name = FindEveryoneUITests;
			productName = FindEveryoneUITests;
			productReference = F49D0C2422F90CB800CA3067 /* FindEveryoneUITests.xctest */;
			productType = "com.apple.product-type.bundle.ui-testing";
		};
/* End PBXNativeTarget section */

/* Begin PBXProject section */
		F49D0BFD22F90CB700CA3067 /* Project object */ = {
			isa = PBXProject;
			attributes = {
				LastSwiftUpdateCheck = 1030;
				LastUpgradeCheck = 1030;
				ORGANIZATIONNAME = "Salida Media";
				TargetAttributes = {
					F49D0C0422F90CB700CA3067 = {
						CreatedOnToolsVersion = 10.3;
					};
					F49D0C1822F90CB800CA3067 = {
						CreatedOnToolsVersion = 10.3;
						TestTargetID = F49D0C0422F90CB700CA3067;
					};
					F49D0C2322F90CB800CA3067 = {
						CreatedOnToolsVersion = 10.3;
						TestTargetID = F49D0C0422F90CB700CA3067;
					};
				};
			};
			buildConfigurationList = F49D0C0022F90CB700CA3067 /* Build configuration list for PBXProject "FindEveryone" */;
			compatibilityVersion = "Xcode 9.3";
			developmentRegion = en;
			hasScannedForEncodings = 0;
			knownRegions = (
				en,
				Base,
			);
			mainGroup = F49D0BFC22F90CB600CA3067;
			productRefGroup = F49D0C0622F90CB700CA3067 /* Products */;
			projectDirPath = "";
			projectRoot = "";
			targets = (
				F49D0C0422F90CB700CA3067 /* FindEveryone */,
				F49D0C1822F90CB800CA3067 /* FindEveryoneTests */,
				F49D0C2322F90CB800CA3067 /* FindEveryoneUITests */,
			);
		};
/* End PBXProject section */

/* Begin PBXResourcesBuildPhase section */
		F49D0C0322F90CB700CA3067 /* Resources */ = {
			isa = PBXResourcesBuildPhase;
			buildActionMask = 2147483647;
			files = (
				F49D0C1322F90CB700CA3067 /* LaunchScreen.storyboard in Resources */,
				F4F7046622F924BA0009CFA8 /* GoogleService-Info.plist in Resources */,
				F49D0C1022F90CB700CA3067 /* Assets.xcassets in Resources */,
				F49D0C0E22F90CB700CA3067 /* Main.storyboard in Resources */,
			);
			runOnlyForDeploymentPostprocessing = 0;
		};
		F49D0C1722F90CB800CA3067 /* Resources */ = {
			isa = PBXResourcesBuildPhase;
			buildActionMask = 2147483647;
			files = (
			);
			runOnlyForDeploymentPostprocessing = 0;
		};
		F49D0C2222F90CB800CA3067 /* Resources */ = {
			isa = PBXResourcesBuildPhase;
			buildActionMask = 2147483647;
			files = (
			);
			runOnlyForDeploymentPostprocessing = 0;
		};
/* End PBXResourcesBuildPhase section */

/* Begin PBXShellScriptBuildPhase section */
		49717DBB572B4D33920AC4B5 /* [CP] Check Pods Manifest.lock */ = {
			isa = PBXShellScriptBuildPhase;
			buildActionMask = 2147483647;
			files = (
			);
			inputFileListPaths = (
			);
			inputPaths = (
				"${PODS_PODFILE_DIR_PATH}/Podfile.lock",
				"${PODS_ROOT}/Manifest.lock",
			);
			name = "[CP] Check Pods Manifest.lock";
			outputFileListPaths = (
			);
			outputPaths = (
				"$(DERIVED_FILE_DIR)/Pods-FindEveryone-checkManifestLockResult.txt",
			);
			runOnlyForDeploymentPostprocessing = 0;
			shellPath = /bin/sh;
			shellScript = "diff \"${PODS_PODFILE_DIR_PATH}/Podfile.lock\" \"${PODS_ROOT}/Manifest.lock\" > /dev/null\nif [ $? != 0 ] ; then\n    # print error to STDERR\n    echo \"error: The sandbox is not in sync with the Podfile.lock. Run 'pod install' or update your CocoaPods installation.\" >&2\n    exit 1\nfi\n# This output is used by Xcode 'outputs' to avoid re-running this script phase.\necho \"SUCCESS\" > \"${SCRIPT_OUTPUT_FILE_0}\"\n";
			showEnvVarsInLog = 0;
		};
		7645606E24CB242BE0EF575E /* [CP] Check Pods Manifest.lock */ = {
			isa = PBXShellScriptBuildPhase;
			buildActionMask = 2147483647;
			files = (
			);
			inputFileListPaths = (
			);
			inputPaths = (
				"${PODS_PODFILE_DIR_PATH}/Podfile.lock",
				"${PODS_ROOT}/Manifest.lock",
			);
			name = "[CP] Check Pods Manifest.lock";
			outputFileListPaths = (
			);
			outputPaths = (
				"$(DERIVED_FILE_DIR)/Pods-FindEveryoneUITests-checkManifestLockResult.txt",
			);
			runOnlyForDeploymentPostprocessing = 0;
			shellPath = /bin/sh;
			shellScript = "diff \"${PODS_PODFILE_DIR_PATH}/Podfile.lock\" \"${PODS_ROOT}/Manifest.lock\" > /dev/null\nif [ $? != 0 ] ; then\n    # print error to STDERR\n    echo \"error: The sandbox is not in sync with the Podfile.lock. Run 'pod install' or update your CocoaPods installation.\" >&2\n    exit 1\nfi\n# This output is used by Xcode 'outputs' to avoid re-running this script phase.\necho \"SUCCESS\" > \"${SCRIPT_OUTPUT_FILE_0}\"\n";
			showEnvVarsInLog = 0;
		};
		A14E2E40972DDA20E84DB725 /* [CP] Embed Pods Frameworks */ = {
			isa = PBXShellScriptBuildPhase;
			buildActionMask = 2147483647;
			files = (
			);
			inputFileListPaths = (
				"${PODS_ROOT}/Target Support Files/Pods-FindEveryone/Pods-FindEveryone-frameworks-${CONFIGURATION}-input-files.xcfilelist",
			);
			name = "[CP] Embed Pods Frameworks";
			outputFileListPaths = (
				"${PODS_ROOT}/Target Support Files/Pods-FindEveryone/Pods-FindEveryone-frameworks-${CONFIGURATION}-output-files.xcfilelist",
			);
			runOnlyForDeploymentPostprocessing = 0;
			shellPath = /bin/sh;
			shellScript = "\"${PODS_ROOT}/Target Support Files/Pods-FindEveryone/Pods-FindEveryone-frameworks.sh\"\n";
			showEnvVarsInLog = 0;
		};
		E6F2144556C6260D849DFC39 /* [CP] Check Pods Manifest.lock */ = {
			isa = PBXShellScriptBuildPhase;
			buildActionMask = 2147483647;
			files = (
			);
			inputFileListPaths = (
			);
			inputPaths = (
				"${PODS_PODFILE_DIR_PATH}/Podfile.lock",
				"${PODS_ROOT}/Manifest.lock",
			);
			name = "[CP] Check Pods Manifest.lock";
			outputFileListPaths = (
			);
			outputPaths = (
				"$(DERIVED_FILE_DIR)/Pods-FindEveryoneTests-checkManifestLockResult.txt",
			);
			runOnlyForDeploymentPostprocessing = 0;
			shellPath = /bin/sh;
			shellScript = "diff \"${PODS_PODFILE_DIR_PATH}/Podfile.lock\" \"${PODS_ROOT}/Manifest.lock\" > /dev/null\nif [ $? != 0 ] ; then\n    # print error to STDERR\n    echo \"error: The sandbox is not in sync with the Podfile.lock. Run 'pod install' or update your CocoaPods installation.\" >&2\n    exit 1\nfi\n# This output is used by Xcode 'outputs' to avoid re-running this script phase.\necho \"SUCCESS\" > \"${SCRIPT_OUTPUT_FILE_0}\"\n";
			showEnvVarsInLog = 0;
		};
/* End PBXShellScriptBuildPhase section */

/* Begin PBXSourcesBuildPhase section */
		F49D0C0122F90CB700CA3067 /* Sources */ = {
			isa = PBXSourcesBuildPhase;
			buildActionMask = 2147483647;
			files = (
				F41486D422F9332000D081D6 /* CLAuthorizationStatus+isAuthorized.swift in Sources */,
				F41486CE22F92B1500D081D6 /* AuthViewController.swift in Sources */,
				F49D0C0B22F90CB700CA3067 /* MapViewController.swift in Sources */,
				F41486D622F93D3B00D081D6 /* AuthenticationService.swift in Sources */,
				F41486D822F9421C00D081D6 /* FirebaseService.swift in Sources */,
				F49D0C0922F90CB700CA3067 /* AppDelegate.swift in Sources */,
				F40385BD22F9F3A500FC0F5C /* CLLocationCoordinate2D+GeoPoint.swift in Sources */,
				F40385BF22FA41CA00FC0F5C /* Firebase+Codable.swift in Sources */,
				F41486DD22F9506000D081D6 /* Person.swift in Sources */,
				F4F7046A22F928820009CFA8 /* LocationService.swift in Sources */,
			);
			runOnlyForDeploymentPostprocessing = 0;
		};
		F49D0C1522F90CB800CA3067 /* Sources */ = {
			isa = PBXSourcesBuildPhase;
			buildActionMask = 2147483647;
			files = (
				F49D0C1E22F90CB800CA3067 /* FindEveryoneTests.swift in Sources */,
			);
			runOnlyForDeploymentPostprocessing = 0;
		};
		F49D0C2022F90CB800CA3067 /* Sources */ = {
			isa = PBXSourcesBuildPhase;
			buildActionMask = 2147483647;
			files = (
				F49D0C2922F90CB800CA3067 /* FindEveryoneUITests.swift in Sources */,
			);
			runOnlyForDeploymentPostprocessing = 0;
		};
/* End PBXSourcesBuildPhase section */

/* Begin PBXTargetDependency section */
		F49D0C1B22F90CB800CA3067 /* PBXTargetDependency */ = {
			isa = PBXTargetDependency;
			target = F49D0C0422F90CB700CA3067 /* FindEveryone */;
			targetProxy = F49D0C1A22F90CB800CA3067 /* PBXContainerItemProxy */;
		};
		F49D0C2622F90CB800CA3067 /* PBXTargetDependency */ = {
			isa = PBXTargetDependency;
			target = F49D0C0422F90CB700CA3067 /* FindEveryone */;
			targetProxy = F49D0C2522F90CB800CA3067 /* PBXContainerItemProxy */;
		};
/* End PBXTargetDependency section */

/* Begin PBXVariantGroup section */
		F49D0C0C22F90CB700CA3067 /* Main.storyboard */ = {
			isa = PBXVariantGroup;
			children = (
				F49D0C0D22F90CB700CA3067 /* Base */,
			);
			name = Main.storyboard;
			sourceTree = "<group>";
		};
		F49D0C1122F90CB700CA3067 /* LaunchScreen.storyboard */ = {
			isa = PBXVariantGroup;
			children = (
				F49D0C1222F90CB700CA3067 /* Base */,
			);
			name = LaunchScreen.storyboard;
			sourceTree = "<group>";
		};
/* End PBXVariantGroup section */

/* Begin XCBuildConfiguration section */
		F49D0C2B22F90CB800CA3067 /* Debug */ = {
			isa = XCBuildConfiguration;
			buildSettings = {
				ALWAYS_SEARCH_USER_PATHS = NO;
				CLANG_ANALYZER_NONNULL = YES;
				CLANG_ANALYZER_NUMBER_OBJECT_CONVERSION = YES_AGGRESSIVE;
				CLANG_CXX_LANGUAGE_STANDARD = "gnu++14";
				CLANG_CXX_LIBRARY = "libc++";
				CLANG_ENABLE_MODULES = YES;
				CLANG_ENABLE_OBJC_ARC = YES;
				CLANG_ENABLE_OBJC_WEAK = YES;
				CLANG_WARN_BLOCK_CAPTURE_AUTORELEASING = YES;
				CLANG_WARN_BOOL_CONVERSION = YES;
				CLANG_WARN_COMMA = YES;
				CLANG_WARN_CONSTANT_CONVERSION = YES;
				CLANG_WARN_DEPRECATED_OBJC_IMPLEMENTATIONS = YES;
				CLANG_WARN_DIRECT_OBJC_ISA_USAGE = YES_ERROR;
				CLANG_WARN_DOCUMENTATION_COMMENTS = YES;
				CLANG_WARN_EMPTY_BODY = YES;
				CLANG_WARN_ENUM_CONVERSION = YES;
				CLANG_WARN_INFINITE_RECURSION = YES;
				CLANG_WARN_INT_CONVERSION = YES;
				CLANG_WARN_NON_LITERAL_NULL_CONVERSION = YES;
				CLANG_WARN_OBJC_IMPLICIT_RETAIN_SELF = YES;
				CLANG_WARN_OBJC_LITERAL_CONVERSION = YES;
				CLANG_WARN_OBJC_ROOT_CLASS = YES_ERROR;
				CLANG_WARN_RANGE_LOOP_ANALYSIS = YES;
				CLANG_WARN_STRICT_PROTOTYPES = YES;
				CLANG_WARN_SUSPICIOUS_MOVE = YES;
				CLANG_WARN_UNGUARDED_AVAILABILITY = YES_AGGRESSIVE;
				CLANG_WARN_UNREACHABLE_CODE = YES;
				CLANG_WARN__DUPLICATE_METHOD_MATCH = YES;
				CODE_SIGN_IDENTITY = "iPhone Developer";
				COPY_PHASE_STRIP = NO;
				DEBUG_INFORMATION_FORMAT = dwarf;
				ENABLE_STRICT_OBJC_MSGSEND = YES;
				ENABLE_TESTABILITY = YES;
				GCC_C_LANGUAGE_STANDARD = gnu11;
				GCC_DYNAMIC_NO_PIC = NO;
				GCC_NO_COMMON_BLOCKS = YES;
				GCC_OPTIMIZATION_LEVEL = 0;
				GCC_PREPROCESSOR_DEFINITIONS = (
					"DEBUG=1",
					"$(inherited)",
				);
				GCC_WARN_64_TO_32_BIT_CONVERSION = YES;
				GCC_WARN_ABOUT_RETURN_TYPE = YES_ERROR;
				GCC_WARN_UNDECLARED_SELECTOR = YES;
				GCC_WARN_UNINITIALIZED_AUTOS = YES_AGGRESSIVE;
				GCC_WARN_UNUSED_FUNCTION = YES;
				GCC_WARN_UNUSED_VARIABLE = YES;
				IPHONEOS_DEPLOYMENT_TARGET = 12.4;
				MTL_ENABLE_DEBUG_INFO = INCLUDE_SOURCE;
				MTL_FAST_MATH = YES;
				ONLY_ACTIVE_ARCH = YES;
				SDKROOT = iphoneos;
				SWIFT_ACTIVE_COMPILATION_CONDITIONS = DEBUG;
				SWIFT_OPTIMIZATION_LEVEL = "-Onone";
			};
			name = Debug;
		};
		F49D0C2C22F90CB800CA3067 /* Release */ = {
			isa = XCBuildConfiguration;
			buildSettings = {
				ALWAYS_SEARCH_USER_PATHS = NO;
				CLANG_ANALYZER_NONNULL = YES;
				CLANG_ANALYZER_NUMBER_OBJECT_CONVERSION = YES_AGGRESSIVE;
				CLANG_CXX_LANGUAGE_STANDARD = "gnu++14";
				CLANG_CXX_LIBRARY = "libc++";
				CLANG_ENABLE_MODULES = YES;
				CLANG_ENABLE_OBJC_ARC = YES;
				CLANG_ENABLE_OBJC_WEAK = YES;
				CLANG_WARN_BLOCK_CAPTURE_AUTORELEASING = YES;
				CLANG_WARN_BOOL_CONVERSION = YES;
				CLANG_WARN_COMMA = YES;
				CLANG_WARN_CONSTANT_CONVERSION = YES;
				CLANG_WARN_DEPRECATED_OBJC_IMPLEMENTATIONS = YES;
				CLANG_WARN_DIRECT_OBJC_ISA_USAGE = YES_ERROR;
				CLANG_WARN_DOCUMENTATION_COMMENTS = YES;
				CLANG_WARN_EMPTY_BODY = YES;
				CLANG_WARN_ENUM_CONVERSION = YES;
				CLANG_WARN_INFINITE_RECURSION = YES;
				CLANG_WARN_INT_CONVERSION = YES;
				CLANG_WARN_NON_LITERAL_NULL_CONVERSION = YES;
				CLANG_WARN_OBJC_IMPLICIT_RETAIN_SELF = YES;
				CLANG_WARN_OBJC_LITERAL_CONVERSION = YES;
				CLANG_WARN_OBJC_ROOT_CLASS = YES_ERROR;
				CLANG_WARN_RANGE_LOOP_ANALYSIS = YES;
				CLANG_WARN_STRICT_PROTOTYPES = YES;
				CLANG_WARN_SUSPICIOUS_MOVE = YES;
				CLANG_WARN_UNGUARDED_AVAILABILITY = YES_AGGRESSIVE;
				CLANG_WARN_UNREACHABLE_CODE = YES;
				CLANG_WARN__DUPLICATE_METHOD_MATCH = YES;
				CODE_SIGN_IDENTITY = "iPhone Developer";
				COPY_PHASE_STRIP = NO;
				DEBUG_INFORMATION_FORMAT = "dwarf-with-dsym";
				ENABLE_NS_ASSERTIONS = NO;
				ENABLE_STRICT_OBJC_MSGSEND = YES;
				GCC_C_LANGUAGE_STANDARD = gnu11;
				GCC_NO_COMMON_BLOCKS = YES;
				GCC_WARN_64_TO_32_BIT_CONVERSION = YES;
				GCC_WARN_ABOUT_RETURN_TYPE = YES_ERROR;
				GCC_WARN_UNDECLARED_SELECTOR = YES;
				GCC_WARN_UNINITIALIZED_AUTOS = YES_AGGRESSIVE;
				GCC_WARN_UNUSED_FUNCTION = YES;
				GCC_WARN_UNUSED_VARIABLE = YES;
				IPHONEOS_DEPLOYMENT_TARGET = 12.4;
				MTL_ENABLE_DEBUG_INFO = NO;
				MTL_FAST_MATH = YES;
				SDKROOT = iphoneos;
				SWIFT_COMPILATION_MODE = wholemodule;
				SWIFT_OPTIMIZATION_LEVEL = "-O";
				VALIDATE_PRODUCT = YES;
			};
			name = Release;
		};
		F49D0C2E22F90CB800CA3067 /* Debug */ = {
			isa = XCBuildConfiguration;
			baseConfigurationReference = ECB8E66A2546898558F96B73 /* Pods-FindEveryone.debug.xcconfig */;
			buildSettings = {
				ASSETCATALOG_COMPILER_APPICON_NAME = AppIcon;
				CODE_SIGN_STYLE = Automatic;
				DEVELOPMENT_TEAM = 6NK34BJQZ4;
				INFOPLIST_FILE = FindEveryone/Info.plist;
				IPHONEOS_DEPLOYMENT_TARGET = 12.4;
				LD_RUNPATH_SEARCH_PATHS = (
					"$(inherited)",
					"@executable_path/Frameworks",
				);
				PRODUCT_BUNDLE_IDENTIFIER = com.jperl.FindEveryone;
				PRODUCT_NAME = "$(TARGET_NAME)";
				SWIFT_VERSION = 5.0;
				TARGETED_DEVICE_FAMILY = 1;
			};
			name = Debug;
		};
		F49D0C2F22F90CB800CA3067 /* Release */ = {
			isa = XCBuildConfiguration;
			baseConfigurationReference = 855BE982CDB064DE35334CA3 /* Pods-FindEveryone.release.xcconfig */;
			buildSettings = {
				ASSETCATALOG_COMPILER_APPICON_NAME = AppIcon;
				CODE_SIGN_STYLE = Automatic;
				DEVELOPMENT_TEAM = 6NK34BJQZ4;
				INFOPLIST_FILE = FindEveryone/Info.plist;
				IPHONEOS_DEPLOYMENT_TARGET = 12.4;
				LD_RUNPATH_SEARCH_PATHS = (
					"$(inherited)",
					"@executable_path/Frameworks",
				);
				PRODUCT_BUNDLE_IDENTIFIER = com.jperl.FindEveryone;
				PRODUCT_NAME = "$(TARGET_NAME)";
				SWIFT_VERSION = 5.0;
				TARGETED_DEVICE_FAMILY = 1;
			};
			name = Release;
		};
		F49D0C3122F90CB800CA3067 /* Debug */ = {
			isa = XCBuildConfiguration;
			baseConfigurationReference = C14CD945B510AB85C4FD467E /* Pods-FindEveryoneTests.debug.xcconfig */;
			buildSettings = {
				ALWAYS_EMBED_SWIFT_STANDARD_LIBRARIES = YES;
				BUNDLE_LOADER = "$(TEST_HOST)";
				CODE_SIGN_STYLE = Automatic;
				DEVELOPMENT_TEAM = 6NK34BJQZ4;
				INFOPLIST_FILE = FindEveryoneTests/Info.plist;
				LD_RUNPATH_SEARCH_PATHS = (
					"$(inherited)",
					"@executable_path/Frameworks",
					"@loader_path/Frameworks",
				);
				PRODUCT_BUNDLE_IDENTIFIER = com.jperl.FindEveryoneTests;
				PRODUCT_NAME = "$(TARGET_NAME)";
				SWIFT_VERSION = 5.0;
				TARGETED_DEVICE_FAMILY = "1,2";
				TEST_HOST = "$(BUILT_PRODUCTS_DIR)/FindEveryone.app/FindEveryone";
			};
			name = Debug;
		};
		F49D0C3222F90CB800CA3067 /* Release */ = {
			isa = XCBuildConfiguration;
			baseConfigurationReference = A740AE865518196A4ED03D72 /* Pods-FindEveryoneTests.release.xcconfig */;
			buildSettings = {
				ALWAYS_EMBED_SWIFT_STANDARD_LIBRARIES = YES;
				BUNDLE_LOADER = "$(TEST_HOST)";
				CODE_SIGN_STYLE = Automatic;
				DEVELOPMENT_TEAM = 6NK34BJQZ4;
				INFOPLIST_FILE = FindEveryoneTests/Info.plist;
				LD_RUNPATH_SEARCH_PATHS = (
					"$(inherited)",
					"@executable_path/Frameworks",
					"@loader_path/Frameworks",
				);
				PRODUCT_BUNDLE_IDENTIFIER = com.jperl.FindEveryoneTests;
				PRODUCT_NAME = "$(TARGET_NAME)";
				SWIFT_VERSION = 5.0;
				TARGETED_DEVICE_FAMILY = "1,2";
				TEST_HOST = "$(BUILT_PRODUCTS_DIR)/FindEveryone.app/FindEveryone";
			};
			name = Release;
		};
		F49D0C3422F90CB800CA3067 /* Debug */ = {
			isa = XCBuildConfiguration;
			baseConfigurationReference = 756A09E2E038EFC9AE9100F6 /* Pods-FindEveryoneUITests.debug.xcconfig */;
			buildSettings = {
				ALWAYS_EMBED_SWIFT_STANDARD_LIBRARIES = YES;
				CODE_SIGN_STYLE = Automatic;
				DEVELOPMENT_TEAM = 6NK34BJQZ4;
				INFOPLIST_FILE = FindEveryoneUITests/Info.plist;
				LD_RUNPATH_SEARCH_PATHS = (
					"$(inherited)",
					"@executable_path/Frameworks",
					"@loader_path/Frameworks",
				);
				PRODUCT_BUNDLE_IDENTIFIER = com.jperl.FindEveryoneUITests;
				PRODUCT_NAME = "$(TARGET_NAME)";
				SWIFT_VERSION = 5.0;
				TARGETED_DEVICE_FAMILY = "1,2";
				TEST_TARGET_NAME = FindEveryone;
			};
			name = Debug;
		};
		F49D0C3522F90CB800CA3067 /* Release */ = {
			isa = XCBuildConfiguration;
			baseConfigurationReference = 22F79C397D3675665BF0C64D /* Pods-FindEveryoneUITests.release.xcconfig */;
			buildSettings = {
				ALWAYS_EMBED_SWIFT_STANDARD_LIBRARIES = YES;
				CODE_SIGN_STYLE = Automatic;
				DEVELOPMENT_TEAM = 6NK34BJQZ4;
				INFOPLIST_FILE = FindEveryoneUITests/Info.plist;
				LD_RUNPATH_SEARCH_PATHS = (
					"$(inherited)",
					"@executable_path/Frameworks",
					"@loader_path/Frameworks",
				);
				PRODUCT_BUNDLE_IDENTIFIER = com.jperl.FindEveryoneUITests;
				PRODUCT_NAME = "$(TARGET_NAME)";
				SWIFT_VERSION = 5.0;
				TARGETED_DEVICE_FAMILY = "1,2";
				TEST_TARGET_NAME = FindEveryone;
			};
			name = Release;
		};
/* End XCBuildConfiguration section */

/* Begin XCConfigurationList section */
		F49D0C0022F90CB700CA3067 /* Build configuration list for PBXProject "FindEveryone" */ = {
			isa = XCConfigurationList;
			buildConfigurations = (
				F49D0C2B22F90CB800CA3067 /* Debug */,
				F49D0C2C22F90CB800CA3067 /* Release */,
			);
			defaultConfigurationIsVisible = 0;
			defaultConfigurationName = Release;
		};
		F49D0C2D22F90CB800CA3067 /* Build configuration list for PBXNativeTarget "FindEveryone" */ = {
			isa = XCConfigurationList;
			buildConfigurations = (
				F49D0C2E22F90CB800CA3067 /* Debug */,
				F49D0C2F22F90CB800CA3067 /* Release */,
			);
			defaultConfigurationIsVisible = 0;
			defaultConfigurationName = Release;
		};
		F49D0C3022F90CB800CA3067 /* Build configuration list for PBXNativeTarget "FindEveryoneTests" */ = {
			isa = XCConfigurationList;
			buildConfigurations = (
				F49D0C3122F90CB800CA3067 /* Debug */,
				F49D0C3222F90CB800CA3067 /* Release */,
			);
			defaultConfigurationIsVisible = 0;
			defaultConfigurationName = Release;
		};
		F49D0C3322F90CB800CA3067 /* Build configuration list for PBXNativeTarget "FindEveryoneUITests" */ = {
			isa = XCConfigurationList;
			buildConfigurations = (
				F49D0C3422F90CB800CA3067 /* Debug */,
				F49D0C3522F90CB800CA3067 /* Release */,
			);
			defaultConfigurationIsVisible = 0;
			defaultConfigurationName = Release;
		};
/* End XCConfigurationList section */
	};
	rootObject = F49D0BFD22F90CB700CA3067 /* Project object */;
}
